
Microsoft Visual Studio Solution File, Format Version 12.00
# Visual Studio Version 17
VisualStudioVersion = 17.8.34330.188
MinimumVisualStudioVersion = 10.0.40219.1
Project("{FAE04EC0-301F-11D3-BF4B-00C04F79EFBC}") = "Input-Output", "Input-Output\Input-Output.csproj", "{A7522A47-E451-4858-8991-F3FD71DDEF9C}"
EndProject
Global
	GlobalSection(SolutionConfigurationPlatforms) = preSolution
		Debug|Any CPU = Debug|Any CPU
		Release|Any CPU = Release|Any CPU
	EndGlobalSection
	GlobalSection(ProjectConfigurationPlatforms) = postSolution
		{A7522A47-E451-4858-8991-F3FD71DDEF9C}.Debug|Any CPU.ActiveCfg = Debug|Any CPU
		{A7522A47-E451-4858-8991-F3FD71DDEF9C}.Debug|Any CPU.Build.0 = Debug|Any CPU
		{A7522A47-E451-4858-8991-F3FD71DDEF9C}.Release|Any CPU.ActiveCfg = Release|Any CPU
		{A7522A47-E451-4858-8991-F3FD71DDEF9C}.Release|Any CPU.Build.0 = Release|Any CPU
	EndGlobalSection
	GlobalSection(SolutionProperties) = preSolution
		HideSolutionNode = FALSE
	EndGlobalSection
	GlobalSection(ExtensibilityGlobals) = postSolution
		SolutionGuid = {D3E6643A-DE97-4328-A4BB-6ABEF4B47CEA}
	EndGlobalSection
EndGlobal
